
Microsoft Visual Studio Solution File, Format Version 12.00
# Visual Studio Version 16
VisualStudioVersion = 16.0.30011.22
MinimumVisualStudioVersion = 10.0.40219.1
Project("{FAE04EC0-301F-11D3-BF4B-00C04F79EFBC}") = "HelloWorld", "HelloWorld\HelloWorld.csproj", "{5514142E-3CA8-4915-9438-D0FD55BAF917}"
EndProject
Global
	GlobalSection(SolutionConfigurationPlatforms) = preSolution
		Debug|Any CPU = Debug|Any CPU
		Release|Any CPU = Release|Any CPU
	EndGlobalSection
	GlobalSection(ProjectConfigurationPlatforms) = postSolution
		{5514142E-3CA8-4915-9438-D0FD55BAF917}.Debug|Any CPU.ActiveCfg = Debug|Any CPU
		{5514142E-3CA8-4915-9438-D0FD55BAF917}.Debug|Any CPU.Build.0 = Debug|Any CPU
		{5514142E-3CA8-4915-9438-D0FD55BAF917}.Release|Any CPU.ActiveCfg = Release|Any CPU
		{5514142E-3CA8-4915-9438-D0FD55BAF917}.Release|Any CPU.Build.0 = Release|Any CPU
	EndGlobalSection
	GlobalSection(SolutionProperties) = preSolution
		HideSolutionNode = FALSE
	EndGlobalSection
	GlobalSection(ExtensibilityGlobals) = postSolution
		SolutionGuid = {55D58432-D544-400B-8CD3-599C17163173}
	EndGlobalSection
EndGlobal
